
Microsoft Visual Studio Solution File, Format Version 12.00
# Visual Studio 2017
Project("{FAE04EC0-301F-11D3-BF4B-00C04F79EFBC}") = "Dungeon Baller", "Dungeon Baller.csproj", "{B20D93B8-5B19-4C9B-C145-959910960E82}"
EndProject
Project("{FAE04EC0-301F-11D3-BF4B-00C04F79EFBC}") = "Dungeon Baller.Plugins", "Dungeon Baller.Plugins.csproj", "{38D25A03-1795-B032-338A-941D6DF87EAF}"
EndProject
Project("{FAE04EC0-301F-11D3-BF4B-00C04F79EFBC}") = "Dungeon Baller.Editor.Plugins", "Dungeon Baller.Editor.Plugins.csproj", "{F2F07023-C47C-8FD3-B56B-597396DC6101}"
EndProject
Global
	GlobalSection(SolutionConfigurationPlatforms) = preSolution
		Debug|Any CPU = Debug|Any CPU
		Release|Any CPU = Release|Any CPU
	EndGlobalSection
	GlobalSection(ProjectConfigurationPlatforms) = postSolution
		{B20D93B8-5B19-4C9B-C145-959910960E82}.Debug|Any CPU.ActiveCfg = Debug|Any CPU
		{B20D93B8-5B19-4C9B-C145-959910960E82}.Debug|Any CPU.Build.0 = Debug|Any CPU
		{B20D93B8-5B19-4C9B-C145-959910960E82}.Release|Any CPU.ActiveCfg = Release|Any CPU
		{B20D93B8-5B19-4C9B-C145-959910960E82}.Release|Any CPU.Build.0 = Release|Any CPU
		{38D25A03-1795-B032-338A-941D6DF87EAF}.Debug|Any CPU.ActiveCfg = Debug|Any CPU
		{38D25A03-1795-B032-338A-941D6DF87EAF}.Debug|Any CPU.Build.0 = Debug|Any CPU
		{38D25A03-1795-B032-338A-941D6DF87EAF}.Release|Any CPU.ActiveCfg = Release|Any CPU
		{38D25A03-1795-B032-338A-941D6DF87EAF}.Release|Any CPU.Build.0 = Release|Any CPU
		{F2F07023-C47C-8FD3-B56B-597396DC6101}.Debug|Any CPU.ActiveCfg = Debug|Any CPU
		{F2F07023-C47C-8FD3-B56B-597396DC6101}.Debug|Any CPU.Build.0 = Debug|Any CPU
		{F2F07023-C47C-8FD3-B56B-597396DC6101}.Release|Any CPU.ActiveCfg = Release|Any CPU
		{F2F07023-C47C-8FD3-B56B-597396DC6101}.Release|Any CPU.Build.0 = Release|Any CPU
	EndGlobalSection
	GlobalSection(SolutionProperties) = preSolution
		HideSolutionNode = FALSE
	EndGlobalSection
EndGlobal
